
Microsoft Visual Studio Solution File, Format Version 12.00
# Visual Studio 2012
Project("{FAE04EC0-301F-11D3-BF4B-00C04F79EFBC}") = "AzureWebFarm.Example.Web", "AzureWebFarm.Example.Web\AzureWebFarm.Example.Web.csproj", "{AB0C275A-7C67-4D5A-BFC8-52B490FF6516}"
EndProject
Project("{FAE04EC0-301F-11D3-BF4B-00C04F79EFBC}") = "AzureWebFarm.Tests", "AzureWebFarm.Tests\AzureWebFarm.Tests.csproj", "{4DBDC360-2DD4-41DB-93D0-D1E9F4A133A5}"
EndProject
Project("{48B1769A-AADA-35A8-8DD7-B39A433C486A}") = "AzureWebFarm.Example.Cloud", "AzureWebFarm.Example.Cloud\AzureWebFarm.Example.Cloud.ccproj", "{B0D1C2AF-47F6-46FE-BC53-EFE1231D603C}"
EndProject
Project("{FAE04EC0-301F-11D3-BF4B-00C04F79EFBC}") = "AzureWebFarm", "AzureWebFarm\AzureWebFarm.csproj", "{188242B5-074E-4F06-A5E7-145F1D9BA8B3}"
EndProject
Project("{2150E333-8FDC-42A3-9474-1A3956D46DE8}") = "Solution Items", "Solution Items", "{D567CDC1-E745-4E0F-A33C-A25A94EFB199}"
	ProjectSection(SolutionItems) = preProject
		AzureWebFarm.nuspec = AzureWebFarm.nuspec
		BREAKING_CHANGES.md = BREAKING_CHANGES.md
		LICENSE.txt = LICENSE.txt
		README.md = README.md
	EndProjectSection
EndProject
Project("{2150E333-8FDC-42A3-9474-1A3956D46DE8}") = ".nuget", ".nuget", "{A402D4C3-1EED-4653-8E3A-C858301A12EE}"
	ProjectSection(SolutionItems) = preProject
		.nuget\NuGet.Config = .nuget\NuGet.Config
		.nuget\NuGet.exe = .nuget\NuGet.exe
		.nuget\NuGet.targets = .nuget\NuGet.targets
	EndProjectSection
EndProject
Project("{FAE04EC0-301F-11D3-BF4B-00C04F79EFBC}") = "AzureWebFarm.AdminConsole", "AzureWebFarm.AdminConsole\AzureWebFarm.AdminConsole.csproj", "{E133D3EC-1DE9-4BD9-97B7-BF0CD6FFCF39}"
EndProject
Project("{2150E333-8FDC-42A3-9474-1A3956D46DE8}") = "Test Apps", "Test Apps", "{A80BF589-DDD7-4C9D-B34D-9743B0F6C6FF}"
EndProject
Project("{FAE04EC0-301F-11D3-BF4B-00C04F79EFBC}") = "TestApp1", "TestApp1\TestApp1.csproj", "{1783C20E-0ACB-449A-980A-8F47BF19C923}"
EndProject
Project("{FAE04EC0-301F-11D3-BF4B-00C04F79EFBC}") = "TestApp2", "TestApp2\TestApp2.csproj", "{2F41CC2C-334C-4DE3-99A9-64F47FDB60BB}"
EndProject
Project("{FAE04EC0-301F-11D3-BF4B-00C04F79EFBC}") = "TestApp3", "TestApp3\TestApp3.csproj", "{D5F78B9B-641A-4328-A8AC-9448396FD492}"
EndProject
Project("{FAE04EC0-301F-11D3-BF4B-00C04F79EFBC}") = "TestApp4", "TestApp4\TestApp4.csproj", "{324AB082-F9B6-4F22-A4A5-533D17BCA088}"
EndProject
Global
	GlobalSection(SolutionConfigurationPlatforms) = preSolution
		Debug|Any CPU = Debug|Any CPU
		Release|Any CPU = Release|Any CPU
	EndGlobalSection
	GlobalSection(ProjectConfigurationPlatforms) = postSolution
		{AB0C275A-7C67-4D5A-BFC8-52B490FF6516}.Debug|Any CPU.ActiveCfg = Debug|Any CPU
		{AB0C275A-7C67-4D5A-BFC8-52B490FF6516}.Debug|Any CPU.Build.0 = Debug|Any CPU
		{AB0C275A-7C67-4D5A-BFC8-52B490FF6516}.Release|Any CPU.ActiveCfg = Release|Any CPU
		{AB0C275A-7C67-4D5A-BFC8-52B490FF6516}.Release|Any CPU.Build.0 = Release|Any CPU
		{4DBDC360-2DD4-41DB-93D0-D1E9F4A133A5}.Debug|Any CPU.ActiveCfg = Debug|Any CPU
		{4DBDC360-2DD4-41DB-93D0-D1E9F4A133A5}.Debug|Any CPU.Build.0 = Debug|Any CPU
		{4DBDC360-2DD4-41DB-93D0-D1E9F4A133A5}.Release|Any CPU.ActiveCfg = Release|Any CPU
		{4DBDC360-2DD4-41DB-93D0-D1E9F4A133A5}.Release|Any CPU.Build.0 = Release|Any CPU
		{B0D1C2AF-47F6-46FE-BC53-EFE1231D603C}.Debug|Any CPU.ActiveCfg = Debug|Any CPU
		{B0D1C2AF-47F6-46FE-BC53-EFE1231D603C}.Debug|Any CPU.Build.0 = Debug|Any CPU
		{B0D1C2AF-47F6-46FE-BC53-EFE1231D603C}.Release|Any CPU.ActiveCfg = Release|Any CPU
		{B0D1C2AF-47F6-46FE-BC53-EFE1231D603C}.Release|Any CPU.Build.0 = Release|Any CPU
		{188242B5-074E-4F06-A5E7-145F1D9BA8B3}.Debug|Any CPU.ActiveCfg = Debug|Any CPU
		{188242B5-074E-4F06-A5E7-145F1D9BA8B3}.Debug|Any CPU.Build.0 = Debug|Any CPU
		{188242B5-074E-4F06-A5E7-145F1D9BA8B3}.Release|Any CPU.ActiveCfg = Release|Any CPU
		{188242B5-074E-4F06-A5E7-145F1D9BA8B3}.Release|Any CPU.Build.0 = Release|Any CPU
		{E133D3EC-1DE9-4BD9-97B7-BF0CD6FFCF39}.Debug|Any CPU.ActiveCfg = Debug|Any CPU
		{E133D3EC-1DE9-4BD9-97B7-BF0CD6FFCF39}.Debug|Any CPU.Build.0 = Debug|Any CPU
		{E133D3EC-1DE9-4BD9-97B7-BF0CD6FFCF39}.Release|Any CPU.ActiveCfg = Release|Any CPU
		{E133D3EC-1DE9-4BD9-97B7-BF0CD6FFCF39}.Release|Any CPU.Build.0 = Release|Any CPU
		{1783C20E-0ACB-449A-980A-8F47BF19C923}.Debug|Any CPU.ActiveCfg = Debug|Any CPU
		{1783C20E-0ACB-449A-980A-8F47BF19C923}.Debug|Any CPU.Build.0 = Debug|Any CPU
		{1783C20E-0ACB-449A-980A-8F47BF19C923}.Release|Any CPU.ActiveCfg = Release|Any CPU
		{1783C20E-0ACB-449A-980A-8F47BF19C923}.Release|Any CPU.Build.0 = Release|Any CPU
		{2F41CC2C-334C-4DE3-99A9-64F47FDB60BB}.Debug|Any CPU.ActiveCfg = Debug|Any CPU
		{2F41CC2C-334C-4DE3-99A9-64F47FDB60BB}.Debug|Any CPU.Build.0 = Debug|Any CPU
		{2F41CC2C-334C-4DE3-99A9-64F47FDB60BB}.Release|Any CPU.ActiveCfg = Release|Any CPU
		{2F41CC2C-334C-4DE3-99A9-64F47FDB60BB}.Release|Any CPU.Build.0 = Release|Any CPU
		{D5F78B9B-641A-4328-A8AC-9448396FD492}.Debug|Any CPU.ActiveCfg = Debug|Any CPU
		{D5F78B9B-641A-4328-A8AC-9448396FD492}.Debug|Any CPU.Build.0 = Debug|Any CPU
		{D5F78B9B-641A-4328-A8AC-9448396FD492}.Release|Any CPU.ActiveCfg = Release|Any CPU
		{D5F78B9B-641A-4328-A8AC-9448396FD492}.Release|Any CPU.Build.0 = Release|Any CPU
		{324AB082-F9B6-4F22-A4A5-533D17BCA088}.Debug|Any CPU.ActiveCfg = Debug|Any CPU
		{324AB082-F9B6-4F22-A4A5-533D17BCA088}.Debug|Any CPU.Build.0 = Debug|Any CPU
		{324AB082-F9B6-4F22-A4A5-533D17BCA088}.Release|Any CPU.ActiveCfg = Release|Any CPU
		{324AB082-F9B6-4F22-A4A5-533D17BCA088}.Release|Any CPU.Build.0 = Release|Any CPU
	EndGlobalSection
	GlobalSection(SolutionProperties) = preSolution
		HideSolutionNode = FALSE
	EndGlobalSection
	GlobalSection(NestedProjects) = preSolution
		{1783C20E-0ACB-449A-980A-8F47BF19C923} = {A80BF589-DDD7-4C9D-B34D-9743B0F6C6FF}
		{2F41CC2C-334C-4DE3-99A9-64F47FDB60BB} = {A80BF589-DDD7-4C9D-B34D-9743B0F6C6FF}
		{D5F78B9B-641A-4328-A8AC-9448396FD492} = {A80BF589-DDD7-4C9D-B34D-9743B0F6C6FF}
		{324AB082-F9B6-4F22-A4A5-533D17BCA088} = {A80BF589-DDD7-4C9D-B34D-9743B0F6C6FF}
	EndGlobalSection
EndGlobal
